# This file is automatically @generated by Cargo.
# It is not intended for manual editing.
version = 4

[[package]]
name = "anyhow"
version = "1.0.92"
source = "registry+https://github.com/rust-lang/crates.io-index"
checksum = "74f37166d7d48a0284b99dd824694c26119c700b53bf0d1540cdb147dbdaaf13"

[[package]]
name = "cgp"
version = "0.2.0"
source = "registry+https://github.com/rust-lang/crates.io-index"
checksum = "5adf76ce3579324bc8804a03da7e05a5012e4096e295d7ce16073dd0f55e923e"
dependencies = [
 "cgp-async",
 "cgp-core",
 "cgp-extra",
]

[[package]]
name = "cgp-async"
version = "0.2.0"
source = "registry+https://github.com/rust-lang/crates.io-index"
checksum = "0623cc42c39044ad4223a60b58d427fdece736913fa70e0c0b7787b207545886"
dependencies = [
 "cgp-async-macro",
 "cgp-sync",
]

[[package]]
name = "cgp-async-macro"
version = "0.2.0"
source = "registry+https://github.com/rust-lang/crates.io-index"
checksum = "b22933d3a1fb401cc0208e4f8ef16f4c80579701a47b81d2f23ee5b0b697a7b0"
dependencies = [
 "proc-macro2",
 "quote",
 "syn",
]

[[package]]
name = "cgp-component"
version = "0.2.0"
source = "registry+https://github.com/rust-lang/crates.io-index"
checksum = "82a567833f055c865fb46258f7c6a511b22a1da6bc22f58b47a5e5e3da7a2dd2"
dependencies = [
 "cgp-component-macro",
]

[[package]]
name = "cgp-component-macro"
version = "0.2.0"
source = "registry+https://github.com/rust-lang/crates.io-index"
checksum = "1c4c375220b569b618d6b4ec8793c61bbdd24925786aeb4ea1eac5010916c262"
dependencies = [
 "cgp-component-macro-lib",
 "proc-macro2",
]

[[package]]
name = "cgp-component-macro-lib"
version = "0.2.0"
source = "registry+https://github.com/rust-lang/crates.io-index"
checksum = "f7e9fa127625afac0527a2f1595ba365142d8d875ff04f155cb248aee456d2c0"
dependencies = [
 "itertools",
 "prettyplease",
 "proc-macro2",
 "quote",
 "syn",
]

[[package]]
name = "cgp-core"
version = "0.2.0"
source = "registry+https://github.com/rust-lang/crates.io-index"
checksum = "39951e4828fb216d51bfa42121095654f2adb0e4abbc9d03b011c5b47372a4c1"
dependencies = [
 "cgp-async",
 "cgp-component",
 "cgp-error",
 "cgp-field",
 "cgp-inner",
 "cgp-type",
]

[[package]]
name = "cgp-error"
version = "0.2.0"
source = "registry+https://github.com/rust-lang/crates.io-index"
checksum = "f3866da7384b88d3260e781e60bc9da3a68d5552c33eea56e6780fea8c97d000"
dependencies = [
 "cgp-async",
 "cgp-component",
 "cgp-type",
]

[[package]]
name = "cgp-extra"
version = "0.2.0"
source = "registry+https://github.com/rust-lang/crates.io-index"
checksum = "9f79c15ed0088b1ca06ad58a8f124c1d63f4a554073ed372ff2b488a3fbf6fb9"
dependencies = [
 "cgp-run",
]

[[package]]
name = "cgp-field"
version = "0.2.0"
source = "registry+https://github.com/rust-lang/crates.io-index"
checksum = "6956ca07b849e38106ee5b3c71c7e396088619115fe60934fd2598b873a9efac"
dependencies = [
 "cgp-component",
 "cgp-field-macro",
 "cgp-type",
]

[[package]]
name = "cgp-field-macro"
version = "0.2.0"
source = "registry+https://github.com/rust-lang/crates.io-index"
checksum = "2286ec0bd3a48571ee3644e80a52ba029f10c2edd6bc3da4f4ef9279583798d5"
dependencies = [
 "cgp-field-macro-lib",
 "proc-macro2",
]

[[package]]
name = "cgp-field-macro-lib"
version = "0.2.0"
source = "registry+https://github.com/rust-lang/crates.io-index"
checksum = "7e05fc04f941c797c28db9dd9685d779b76784f29bdbe2eb368329abfca14d9a"
dependencies = [
 "itertools",
 "prettyplease",
 "proc-macro2",
 "quote",
 "syn",
]

[[package]]
name = "cgp-inner"
version = "0.2.0"
source = "registry+https://github.com/rust-lang/crates.io-index"
checksum = "0cd062e3bef5a8353acdcdae3e04c0012de0b19e9bd02acbccfce09e895814cf"
dependencies = [
 "cgp-component",
]

[[package]]
name = "cgp-patterns"
version = "0.1.0"
dependencies = [
 "anyhow",
 "cgp",
 "datetime",
 "itertools",
 "serde",
 "serde_json",
]

[[package]]
name = "cgp-run"
version = "0.2.0"
source = "registry+https://github.com/rust-lang/crates.io-index"
checksum = "2bf13ddcb395e915d314abf917d86dc7fa461bd73a3da2724b4698d45eaa283e"
dependencies = [
 "cgp-async",
 "cgp-component",
 "cgp-error",
]

[[package]]
name = "cgp-sync"
version = "0.2.0"
source = "registry+https://github.com/rust-lang/crates.io-index"
checksum = "3a1c0e460bcccd3e2e39ded6a2078f012d3c00b523caafc05b5bdace9205b0cf"
dependencies = [
 "cgp-async-macro",
]

[[package]]
name = "cgp-type"
version = "0.2.0"
source = "registry+https://github.com/rust-lang/crates.io-index"
checksum = "5d3c9a9059625de770e4acddff6d5e56c5defd959b010b9643cfcb81832f5bed"
dependencies = [
 "cgp-component",
]

[[package]]
name = "datetime"
version = "0.5.2"
source = "registry+https://github.com/rust-lang/crates.io-index"
checksum = "44c3f7a77f3e57fedf80e09136f2d8777ebf621207306f6d96d610af048354bc"
dependencies = [
 "iso8601",
 "libc",
 "locale",
 "pad",
 "redox_syscall",
 "winapi",
]

[[package]]
name = "either"
version = "1.13.0"
source = "registry+https://github.com/rust-lang/crates.io-index"
checksum = "60b1af1c220855b6ceac025d3f6ecdd2b7c4894bfe9cd9bda4fbb4bc7c0d4cf0"

[[package]]
name = "iso8601"
version = "0.3.0"
source = "registry+https://github.com/rust-lang/crates.io-index"
checksum = "43e86914a73535f3f541a765adea0a9fafcf53fa6adb73662c4988fd9233766f"
dependencies = [
 "nom",
]

[[package]]
name = "itertools"
version = "0.11.0"
source = "registry+https://github.com/rust-lang/crates.io-index"
checksum = "b1c173a5686ce8bfa551b3563d0c2170bf24ca44da99c7ca4bfdab5418c3fe57"
dependencies = [
 "either",
]

[[package]]
name = "itoa"
version = "1.0.11"
source = "registry+https://github.com/rust-lang/crates.io-index"
checksum = "49f1f14873335454500d59611f1cf4a4b0f786f9ac11f4312a78e4cf2566695b"

[[package]]
name = "libc"
version = "0.2.169"
source = "registry+https://github.com/rust-lang/crates.io-index"
checksum = "b5aba8db14291edd000dfcc4d620c7ebfb122c613afb886ca8803fa4e128a20a"

[[package]]
name = "locale"
version = "0.2.2"
source = "registry+https://github.com/rust-lang/crates.io-index"
checksum = "5fdbe492a9c0238da900a1165c42fc5067161ce292678a6fe80921f30fe307fd"
dependencies = [
 "libc",
]

[[package]]
name = "memchr"
version = "2.7.4"
source = "registry+https://github.com/rust-lang/crates.io-index"
checksum = "78ca9ab1a0babb1e7d5695e3530886289c18cf2f87ec19a575a0abdce112e3a3"

[[package]]
name = "nom"
version = "4.2.3"
source = "registry+https://github.com/rust-lang/crates.io-index"
checksum = "2ad2a91a8e869eeb30b9cb3119ae87773a8f4ae617f41b1eb9c154b2905f7bd6"
dependencies = [
 "memchr",
 "version_check",
]

[[package]]
name = "pad"
version = "0.1.6"
source = "registry+https://github.com/rust-lang/crates.io-index"
checksum = "d2ad9b889f1b12e0b9ee24db044b5129150d5eada288edc800f789928dc8c0e3"
dependencies = [
 "unicode-width",
]

[[package]]
name = "prettyplease"
version = "0.2.25"
source = "registry+https://github.com/rust-lang/crates.io-index"
checksum = "64d1ec885c64d0457d564db4ec299b2dae3f9c02808b8ad9c3a089c591b18033"
dependencies = [
 "proc-macro2",
 "syn",
]

[[package]]
name = "proc-macro2"
version = "1.0.89"
source = "registry+https://github.com/rust-lang/crates.io-index"
checksum = "f139b0662de085916d1fb67d2b4169d1addddda1919e696f3252b740b629986e"
dependencies = [
 "unicode-ident",
]

[[package]]
name = "quote"
version = "1.0.37"
source = "registry+https://github.com/rust-lang/crates.io-index"
checksum = "b5b9d34b8991d19d98081b46eacdd8eb58c6f2b201139f7c5f643cc155a633af"
dependencies = [
 "proc-macro2",
]

[[package]]
name = "redox_syscall"
version = "0.1.57"
source = "registry+https://github.com/rust-lang/crates.io-index"
checksum = "41cc0f7e4d5d4544e8861606a285bb08d3e70712ccc7d2b84d7c0ccfaf4b05ce"

[[package]]
name = "ryu"
version = "1.0.18"
source = "registry+https://github.com/rust-lang/crates.io-index"
checksum = "f3cb5ba0dc43242ce17de99c180e96db90b235b8a9fdc9543c96d2209116bd9f"

[[package]]
name = "serde"
version = "1.0.214"
source = "registry+https://github.com/rust-lang/crates.io-index"
checksum = "f55c3193aca71c12ad7890f1785d2b73e1b9f63a0bbc353c08ef26fe03fc56b5"
dependencies = [
 "serde_derive",
]

[[package]]
name = "serde_derive"
version = "1.0.214"
source = "registry+https://github.com/rust-lang/crates.io-index"
checksum = "de523f781f095e28fa605cdce0f8307e451cc0fd14e2eb4cd2e98a355b147766"
dependencies = [
 "proc-macro2",
 "quote",
 "syn",
]

[[package]]
name = "serde_json"
version = "1.0.132"
source = "registry+https://github.com/rust-lang/crates.io-index"
checksum = "d726bfaff4b320266d395898905d0eba0345aae23b54aee3a737e260fd46db03"
dependencies = [
 "itoa",
 "memchr",
 "ryu",
 "serde",
]

[[package]]
name = "syn"
version = "2.0.87"
source = "registry+https://github.com/rust-lang/crates.io-index"
checksum = "25aa4ce346d03a6dcd68dd8b4010bcb74e54e62c90c573f394c46eae99aba32d"
dependencies = [
 "proc-macro2",
 "quote",
 "unicode-ident",
]

[[package]]
name = "unicode-ident"
version = "1.0.13"
source = "registry+https://github.com/rust-lang/crates.io-index"
checksum = "e91b56cd4cadaeb79bbf1a5645f6b4f8dc5bde8834ad5894a8db35fda9efa1fe"

[[package]]
name = "unicode-width"
version = "0.1.14"
source = "registry+https://github.com/rust-lang/crates.io-index"
checksum = "7dd6e30e90baa6f72411720665d41d89b9a3d039dc45b8faea1ddd07f617f6af"

[[package]]
name = "version_check"
version = "0.1.5"
source = "registry+https://github.com/rust-lang/crates.io-index"
checksum = "914b1a6776c4c929a602fafd8bc742e06365d4bcbe48c30f9cca5824f70dc9dd"

[[package]]
name = "winapi"
version = "0.3.9"
source = "registry+https://github.com/rust-lang/crates.io-index"
checksum = "5c839a674fcd7a98952e593242ea400abe93992746761e38641405d28b00f419"
dependencies = [
 "winapi-i686-pc-windows-gnu",
 "winapi-x86_64-pc-windows-gnu",
]

[[package]]
name = "winapi-i686-pc-windows-gnu"
version = "0.4.0"
source = "registry+https://github.com/rust-lang/crates.io-index"
checksum = "ac3b87c63620426dd9b991e5ce0329eff545bccbbb34f3be09ff6fb6ab51b7b6"

[[package]]
name = "winapi-x86_64-pc-windows-gnu"
version = "0.4.0"
source = "registry+https://github.com/rust-lang/crates.io-index"
checksum = "712e227841d057c1ee1cd2fb22fa7e5a5461ae8e48fa2ca79ec42cfc1931183f"
